
Microsoft Visual Studio Solution File, Format Version 12.00
# Visual Studio 15
VisualStudioVersion = 15.0.28307.168
MinimumVisualStudioVersion = 10.0.40219.1
Project("{FAE04EC0-301F-11D3-BF4B-00C04F79EFBC}") = "moriasapp", "moriasapp\moriasapp.csproj", "{9D995F9B-A8E8-48F5-8305-A275AB1EFBD9}"
EndProject
Global
	GlobalSection(SolutionConfigurationPlatforms) = preSolution
		Debug|Any CPU = Debug|Any CPU
		Release|Any CPU = Release|Any CPU
	EndGlobalSection
	GlobalSection(ProjectConfigurationPlatforms) = postSolution
		{9D995F9B-A8E8-48F5-8305-A275AB1EFBD9}.Debug|Any CPU.ActiveCfg = Debug|Any CPU
		{9D995F9B-A8E8-48F5-8305-A275AB1EFBD9}.Debug|Any CPU.Build.0 = Debug|Any CPU
		{9D995F9B-A8E8-48F5-8305-A275AB1EFBD9}.Release|Any CPU.ActiveCfg = Release|Any CPU
		{9D995F9B-A8E8-48F5-8305-A275AB1EFBD9}.Release|Any CPU.Build.0 = Release|Any CPU
	EndGlobalSection
	GlobalSection(SolutionProperties) = preSolution
		HideSolutionNode = FALSE
	EndGlobalSection
	GlobalSection(ExtensibilityGlobals) = postSolution
		SolutionGuid = {A9CC2835-111A-4BE6-A3EF-EF33188F27DA}
	EndGlobalSection
EndGlobal
